// !$*UTF8*$!
{
	archiveVersion = 1;
	classes = {
	};
	objectVersion = 48;
	objects = {

/* Begin PBXBuildFile section */
		0709D0431FF508E400D59D8B /* YXYDiscoverViewController.swift in Sources */ = {isa = PBXBuildFile; fileRef = 0709D0421FF508E400D59D8B /* YXYDiscoverViewController.swift */; };
		0709D0451FF5090E00D59D8B /* YXYRecordViewController.swift in Sources */ = {isa = PBXBuildFile; fileRef = 0709D0441FF5090E00D59D8B /* YXYRecordViewController.swift */; };
		0709D0471FF5092C00D59D8B /* YXYConsultViewController.swift in Sources */ = {isa = PBXBuildFile; fileRef = 0709D0461FF5092C00D59D8B /* YXYConsultViewController.swift */; };
		0709D0491FF5094500D59D8B /* YXYMeViewController.swift in Sources */ = {isa = PBXBuildFile; fileRef = 0709D0481FF5094500D59D8B /* YXYMeViewController.swift */; };
		0709D04B1FF50E7500D59D8B /* YXYNavigationController.swift in Sources */ = {isa = PBXBuildFile; fileRef = 0709D04A1FF50E7500D59D8B /* YXYNavigationController.swift */; };
		075D0A0E1FF3B48900F54619 /* AppDelegate.swift in Sources */ = {isa = PBXBuildFile; fileRef = 075D0A0D1FF3B48900F54619 /* AppDelegate.swift */; };
		075D0A231FF3B48900F54619 /* Yxy_SwiftTests.swift in Sources */ = {isa = PBXBuildFile; fileRef = 075D0A221FF3B48900F54619 /* Yxy_SwiftTests.swift */; };
		075D0A2E1FF3B48900F54619 /* Yxy_SwiftUITests.swift in Sources */ = {isa = PBXBuildFile; fileRef = 075D0A2D1FF3B48900F54619 /* Yxy_SwiftUITests.swift */; };
		07CB9AD91FF60FE000A55C43 /* YxyImages.xcassets in Resources */ = {isa = PBXBuildFile; fileRef = 0709D04C1FF5164700D59D8B /* YxyImages.xcassets */; };
		07CB9ADA1FF60FE900A55C43 /* LaunchScreen.storyboard in Resources */ = {isa = PBXBuildFile; fileRef = 075D0A401FF4973B00F54619 /* LaunchScreen.storyboard */; };
		07CB9ADB1FF60FF000A55C43 /* Main.storyboard in Resources */ = {isa = PBXBuildFile; fileRef = 075D0A421FF4973B00F54619 /* Main.storyboard */; };
		07CB9AE81FF634B900A55C43 /* UIScreen+Frame.swift in Sources */ = {isa = PBXBuildFile; fileRef = 07CB9AE71FF634B900A55C43 /* UIScreen+Frame.swift */; };
		07CB9AEA1FF63AA100A55C43 /* YXYTabBarController.swift in Sources */ = {isa = PBXBuildFile; fileRef = 07CB9AE91FF63AA100A55C43 /* YXYTabBarController.swift */; };
		07CB9AED1FF63CF600A55C43 /* UIView+Frame.swift in Sources */ = {isa = PBXBuildFile; fileRef = 07CB9AEC1FF63CF600A55C43 /* UIView+Frame.swift */; };
		07CB9AF01FF6493A00A55C43 /* YXYStyle.swift in Sources */ = {isa = PBXBuildFile; fileRef = 07CB9AEF1FF6493A00A55C43 /* YXYStyle.swift */; };
		07CB9AF21FF64DFF00A55C43 /* UIColor+Hex.swift in Sources */ = {isa = PBXBuildFile; fileRef = 07CB9AF11FF64DFF00A55C43 /* UIColor+Hex.swift */; };
		07D9914E1FFDFE2B00B74583 /* YXYBaseModel.swift in Sources */ = {isa = PBXBuildFile; fileRef = 07D9914D1FFDFE2B00B74583 /* YXYBaseModel.swift */; };
		07D991511FFDFFC000B74583 /* YXYHttpRequestManager.swift in Sources */ = {isa = PBXBuildFile; fileRef = 07D991501FFDFFC000B74583 /* YXYHttpRequestManager.swift */; };
		07D991531FFE207D00B74583 /* YXYApiManager.swift in Sources */ = {isa = PBXBuildFile; fileRef = 07D991521FFE207D00B74583 /* YXYApiManager.swift */; };
		07D991641FFE3B6D00B74583 /* YXYMD5.swift in Sources */ = {isa = PBXBuildFile; fileRef = 07D991631FFE3B6D00B74583 /* YXYMD5.swift */; };
		07D991681FFF446600B74583 /* YXYWelcomeViewController.swift in Sources */ = {isa = PBXBuildFile; fileRef = 07D991671FFF446600B74583 /* YXYWelcomeViewController.swift */; };
		07DE096C1FFF6E8D00D1E394 /* YXYViewController.swift in Sources */ = {isa = PBXBuildFile; fileRef = 07DE096B1FFF6E8D00D1E394 /* YXYViewController.swift */; };
		07DE09741FFF7B6800D1E394 /* YXYHomeViewController.swift in Sources */ = {isa = PBXBuildFile; fileRef = 07DE09731FFF7B6800D1E394 /* YXYHomeViewController.swift */; };
		B049A8EC62D1644C40B74213 /* Pods_Yxy_SwiftTests.framework in Frameworks */ = {isa = PBXBuildFile; fileRef = E65421B81099E6C95AE3A52F /* Pods_Yxy_SwiftTests.framework */; };
		EC69BE39A06EABE21275ADA4 /* Pods_Yxy_Swift.framework in Frameworks */ = {isa = PBXBuildFile; fileRef = 0CECCF99F82FC8C3674C56A3 /* Pods_Yxy_Swift.framework */; };
/* End PBXBuildFile section */

/* Begin PBXContainerItemProxy section */
		075D0A1F1FF3B48900F54619 /* PBXContainerItemProxy */ = {
			isa = PBXContainerItemProxy;
			containerPortal = 075D0A021FF3B48900F54619 /* Project object */;
			proxyType = 1;
			remoteGlobalIDString = 075D0A091FF3B48900F54619;
			remoteInfo = "Yxy-Swift";
		};
		075D0A2A1FF3B48900F54619 /* PBXContainerItemProxy */ = {
			isa = PBXContainerItemProxy;
			containerPortal = 075D0A021FF3B48900F54619 /* Project object */;
			proxyType = 1;
			remoteGlobalIDString = 075D0A091FF3B48900F54619;
			remoteInfo = "Yxy-Swift";
		};
/* End PBXContainerItemProxy section */

/* Begin PBXFileReference section */
		0709D0421FF508E400D59D8B /* YXYDiscoverViewController.swift */ = {isa = PBXFileReference; lastKnownFileType = sourcecode.swift; path = YXYDiscoverViewController.swift; sourceTree = "<group>"; };
		0709D0441FF5090E00D59D8B /* YXYRecordViewController.swift */ = {isa = PBXFileReference; lastKnownFileType = sourcecode.swift; path = YXYRecordViewController.swift; sourceTree = "<group>"; };
		0709D0461FF5092C00D59D8B /* YXYConsultViewController.swift */ = {isa = PBXFileReference; lastKnownFileType = sourcecode.swift; path = YXYConsultViewController.swift; sourceTree = "<group>"; };
		0709D0481FF5094500D59D8B /* YXYMeViewController.swift */ = {isa = PBXFileReference; lastKnownFileType = sourcecode.swift; path = YXYMeViewController.swift; sourceTree = "<group>"; };
		0709D04A1FF50E7500D59D8B /* YXYNavigationController.swift */ = {isa = PBXFileReference; lastKnownFileType = sourcecode.swift; path = YXYNavigationController.swift; sourceTree = "<group>"; };
		0709D04C1FF5164700D59D8B /* YxyImages.xcassets */ = {isa = PBXFileReference; lastKnownFileType = folder.assetcatalog; path = YxyImages.xcassets; sourceTree = "<group>"; };
		075D0A0A1FF3B48900F54619 /* Yxy-Swift.app */ = {isa = PBXFileReference; explicitFileType = wrapper.application; includeInIndex = 0; path = "Yxy-Swift.app"; sourceTree = BUILT_PRODUCTS_DIR; };
		075D0A0D1FF3B48900F54619 /* AppDelegate.swift */ = {isa = PBXFileReference; lastKnownFileType = sourcecode.swift; path = AppDelegate.swift; sourceTree = "<group>"; };
		075D0A1E1FF3B48900F54619 /* Yxy-SwiftTests.xctest */ = {isa = PBXFileReference; explicitFileType = wrapper.cfbundle; includeInIndex = 0; path = "Yxy-SwiftTests.xctest"; sourceTree = BUILT_PRODUCTS_DIR; };
		075D0A221FF3B48900F54619 /* Yxy_SwiftTests.swift */ = {isa = PBXFileReference; lastKnownFileType = sourcecode.swift; path = Yxy_SwiftTests.swift; sourceTree = "<group>"; };
		075D0A241FF3B48900F54619 /* Info.plist */ = {isa = PBXFileReference; lastKnownFileType = text.plist.xml; path = Info.plist; sourceTree = "<group>"; };
		075D0A291FF3B48900F54619 /* Yxy-SwiftUITests.xctest */ = {isa = PBXFileReference; explicitFileType = wrapper.cfbundle; includeInIndex = 0; path = "Yxy-SwiftUITests.xctest"; sourceTree = BUILT_PRODUCTS_DIR; };
		075D0A2D1FF3B48900F54619 /* Yxy_SwiftUITests.swift */ = {isa = PBXFileReference; lastKnownFileType = sourcecode.swift; path = Yxy_SwiftUITests.swift; sourceTree = "<group>"; };
		075D0A2F1FF3B48900F54619 /* Info.plist */ = {isa = PBXFileReference; lastKnownFileType = text.plist.xml; path = Info.plist; sourceTree = "<group>"; };
		075D0A411FF4973B00F54619 /* Base */ = {isa = PBXFileReference; lastKnownFileType = file.storyboard; name = Base; path = Base.lproj/LaunchScreen.storyboard; sourceTree = "<group>"; };
		075D0A431FF4973B00F54619 /* Base */ = {isa = PBXFileReference; lastKnownFileType = file.storyboard; name = Base; path = Base.lproj/Main.storyboard; sourceTree = "<group>"; };
		075D0A451FF4973B00F54619 /* Info.plist */ = {isa = PBXFileReference; fileEncoding = 4; lastKnownFileType = text.plist.xml; path = Info.plist; sourceTree = "<group>"; };
		07CB9AE71FF634B900A55C43 /* UIScreen+Frame.swift */ = {isa = PBXFileReference; lastKnownFileType = sourcecode.swift; path = "UIScreen+Frame.swift"; sourceTree = "<group>"; };
		07CB9AE91FF63AA100A55C43 /* YXYTabBarController.swift */ = {isa = PBXFileReference; lastKnownFileType = sourcecode.swift; path = YXYTabBarController.swift; sourceTree = "<group>"; };
		07CB9AEC1FF63CF600A55C43 /* UIView+Frame.swift */ = {isa = PBXFileReference; lastKnownFileType = sourcecode.swift; path = "UIView+Frame.swift"; sourceTree = "<group>"; };
		07CB9AEF1FF6493A00A55C43 /* YXYStyle.swift */ = {isa = PBXFileReference; lastKnownFileType = sourcecode.swift; path = YXYStyle.swift; sourceTree = "<group>"; };
		07CB9AF11FF64DFF00A55C43 /* UIColor+Hex.swift */ = {isa = PBXFileReference; lastKnownFileType = sourcecode.swift; path = "UIColor+Hex.swift"; sourceTree = "<group>"; };
		07D991481FFDFDA100B74583 /* Alamofire.framework */ = {isa = PBXFileReference; explicitFileType = wrapper.framework; path = Alamofire.framework; sourceTree = BUILT_PRODUCTS_DIR; };
		07D9914A1FFDFDA700B74583 /* ObjectMapper.framework */ = {isa = PBXFileReference; explicitFileType = wrapper.framework; path = ObjectMapper.framework; sourceTree = BUILT_PRODUCTS_DIR; };
		07D9914C1FFDFDAD00B74583 /* AlamofireObjectMapper.framework */ = {isa = PBXFileReference; explicitFileType = wrapper.framework; path = AlamofireObjectMapper.framework; sourceTree = BUILT_PRODUCTS_DIR; };
		07D9914D1FFDFE2B00B74583 /* YXYBaseModel.swift */ = {isa = PBXFileReference; lastKnownFileType = sourcecode.swift; path = YXYBaseModel.swift; sourceTree = "<group>"; };
		07D991501FFDFFC000B74583 /* YXYHttpRequestManager.swift */ = {isa = PBXFileReference; lastKnownFileType = sourcecode.swift; path = YXYHttpRequestManager.swift; sourceTree = "<group>"; };
		07D991521FFE207D00B74583 /* YXYApiManager.swift */ = {isa = PBXFileReference; lastKnownFileType = sourcecode.swift; path = YXYApiManager.swift; sourceTree = "<group>"; };
		07D991631FFE3B6D00B74583 /* YXYMD5.swift */ = {isa = PBXFileReference; lastKnownFileType = sourcecode.swift; path = YXYMD5.swift; sourceTree = "<group>"; };
		07D991651FFE3D7300B74583 /* Yxy-Swift-Bridging-Header.h */ = {isa = PBXFileReference; fileEncoding = 4; lastKnownFileType = sourcecode.c.h; path = "Yxy-Swift-Bridging-Header.h"; sourceTree = "<group>"; };
		07D991671FFF446600B74583 /* YXYWelcomeViewController.swift */ = {isa = PBXFileReference; lastKnownFileType = sourcecode.swift; path = YXYWelcomeViewController.swift; sourceTree = "<group>"; };
		07DE096B1FFF6E8D00D1E394 /* YXYViewController.swift */ = {isa = PBXFileReference; lastKnownFileType = sourcecode.swift; path = YXYViewController.swift; sourceTree = "<group>"; };
		07DE09731FFF7B6800D1E394 /* YXYHomeViewController.swift */ = {isa = PBXFileReference; lastKnownFileType = sourcecode.swift; path = YXYHomeViewController.swift; sourceTree = "<group>"; };
		0CECCF99F82FC8C3674C56A3 /* Pods_Yxy_Swift.framework */ = {isa = PBXFileReference; explicitFileType = wrapper.framework; includeInIndex = 0; path = Pods_Yxy_Swift.framework; sourceTree = BUILT_PRODUCTS_DIR; };
		54E910A8B17072E399120449 /* Pods-Yxy-SwiftTests.debug.xcconfig */ = {isa = PBXFileReference; includeInIndex = 1; lastKnownFileType = text.xcconfig; name = "Pods-Yxy-SwiftTests.debug.xcconfig"; path = "Pods/Target Support Files/Pods-Yxy-SwiftTests/Pods-Yxy-SwiftTests.debug.xcconfig"; sourceTree = "<group>"; };
		868A9B54083833230B77F70B /* Pods-Yxy-Swift.debug.xcconfig */ = {isa = PBXFileReference; includeInIndex = 1; lastKnownFileType = text.xcconfig; name = "Pods-Yxy-Swift.debug.xcconfig"; path = "Pods/Target Support Files/Pods-Yxy-Swift/Pods-Yxy-Swift.debug.xcconfig"; sourceTree = "<group>"; };
		B3047A3D4CAA13514C97FE44 /* Pods-Yxy-Swift.release.xcconfig */ = {isa = PBXFileReference; includeInIndex = 1; lastKnownFileType = text.xcconfig; name = "Pods-Yxy-Swift.release.xcconfig"; path = "Pods/Target Support Files/Pods-Yxy-Swift/Pods-Yxy-Swift.release.xcconfig"; sourceTree = "<group>"; };
		E65421B81099E6C95AE3A52F /* Pods_Yxy_SwiftTests.framework */ = {isa = PBXFileReference; explicitFileType = wrapper.framework; includeInIndex = 0; path = Pods_Yxy_SwiftTests.framework; sourceTree = BUILT_PRODUCTS_DIR; };
		FCC4352A802E3BB1E10715A2 /* Pods-Yxy-SwiftTests.release.xcconfig */ = {isa = PBXFileReference; includeInIndex = 1; lastKnownFileType = text.xcconfig; name = "Pods-Yxy-SwiftTests.release.xcconfig"; path = "Pods/Target Support Files/Pods-Yxy-SwiftTests/Pods-Yxy-SwiftTests.release.xcconfig"; sourceTree = "<group>"; };
/* End PBXFileReference section */

/* Begin PBXFrameworksBuildPhase section */
		075D0A071FF3B48900F54619 /* Frameworks */ = {
			isa = PBXFrameworksBuildPhase;
			buildActionMask = 2147483647;
			files = (
				EC69BE39A06EABE21275ADA4 /* Pods_Yxy_Swift.framework in Frameworks */,
			);
			runOnlyForDeploymentPostprocessing = 0;
		};
		075D0A1B1FF3B48900F54619 /* Frameworks */ = {
			isa = PBXFrameworksBuildPhase;
			buildActionMask = 2147483647;
			files = (
				B049A8EC62D1644C40B74213 /* Pods_Yxy_SwiftTests.framework in Frameworks */,
			);
			runOnlyForDeploymentPostprocessing = 0;
		};
		075D0A261FF3B48900F54619 /* Frameworks */ = {
			isa = PBXFrameworksBuildPhase;
			buildActionMask = 2147483647;
			files = (
			);
			runOnlyForDeploymentPostprocessing = 0;
		};
/* End PBXFrameworksBuildPhase section */

/* Begin PBXGroup section */
		0709D03A1FF506A800D59D8B /* Modules */ = {
			isa = PBXGroup;
			children = (
				07D991661FFF42E800B74583 /* Register&Login */,
				0709D03B1FF506FA00D59D8B /* Home */,
				0709D03C1FF5070300D59D8B /* Discover */,
				0709D03D1FF5072500D59D8B /* Record */,
				0709D03E1FF5074500D59D8B /* Consult */,
				0709D03F1FF5076300D59D8B /* Me */,
			);
			path = Modules;
			sourceTree = "<group>";
		};
		0709D03B1FF506FA00D59D8B /* Home */ = {
			isa = PBXGroup;
			children = (
				07DE09731FFF7B6800D1E394 /* YXYHomeViewController.swift */,
			);
			path = Home;
			sourceTree = "<group>";
		};
		0709D03C1FF5070300D59D8B /* Discover */ = {
			isa = PBXGroup;
			children = (
				0709D0421FF508E400D59D8B /* YXYDiscoverViewController.swift */,
			);
			path = Discover;
			sourceTree = "<group>";
		};
		0709D03D1FF5072500D59D8B /* Record */ = {
			isa = PBXGroup;
			children = (
				0709D0441FF5090E00D59D8B /* YXYRecordViewController.swift */,
			);
			path = Record;
			sourceTree = "<group>";
		};
		0709D03E1FF5074500D59D8B /* Consult */ = {
			isa = PBXGroup;
			children = (
				0709D0461FF5092C00D59D8B /* YXYConsultViewController.swift */,
			);
			path = Consult;
			sourceTree = "<group>";
		};
		0709D03F1FF5076300D59D8B /* Me */ = {
			isa = PBXGroup;
			children = (
				0709D0481FF5094500D59D8B /* YXYMeViewController.swift */,
			);
			path = Me;
			sourceTree = "<group>";
		};
		075D0A011FF3B48900F54619 = {
			isa = PBXGroup;
			children = (
				075D0A0C1FF3B48900F54619 /* Yxy-Swift */,
				075D0A211FF3B48900F54619 /* Yxy-SwiftTests */,
				075D0A2C1FF3B48900F54619 /* Yxy-SwiftUITests */,
				075D0A0B1FF3B48900F54619 /* Products */,
				C1462984CC2AF5925D4A8326 /* Pods */,
				7F12E33F03096B38E84179B1 /* Frameworks */,
			);
			sourceTree = "<group>";
		};
		075D0A0B1FF3B48900F54619 /* Products */ = {
			isa = PBXGroup;
			children = (
				075D0A0A1FF3B48900F54619 /* Yxy-Swift.app */,
				075D0A1E1FF3B48900F54619 /* Yxy-SwiftTests.xctest */,
				075D0A291FF3B48900F54619 /* Yxy-SwiftUITests.xctest */,
			);
			name = Products;
			sourceTree = "<group>";
		};
		075D0A0C1FF3B48900F54619 /* Yxy-Swift */ = {
			isa = PBXGroup;
			children = (
				075D0A0D1FF3B48900F54619 /* AppDelegate.swift */,
				075D0A4B1FF4A0F000F54619 /* Base */,
				0709D03A1FF506A800D59D8B /* Modules */,
				07D991441FFDCEBE00B74583 /* Model */,
				075D0A4A1FF4A05F00F54619 /* Helpers */,
				07D9914F1FFDFF7600B74583 /* Api */,
				075D0A3F1FF4973B00F54619 /* SupportingFiles */,
			);
			path = "Yxy-Swift";
			sourceTree = "<group>";
		};
		075D0A211FF3B48900F54619 /* Yxy-SwiftTests */ = {
			isa = PBXGroup;
			children = (
				075D0A221FF3B48900F54619 /* Yxy_SwiftTests.swift */,
				075D0A241FF3B48900F54619 /* Info.plist */,
			);
			path = "Yxy-SwiftTests";
			sourceTree = "<group>";
		};
		075D0A2C1FF3B48900F54619 /* Yxy-SwiftUITests */ = {
			isa = PBXGroup;
			children = (
				075D0A2D1FF3B48900F54619 /* Yxy_SwiftUITests.swift */,
				075D0A2F1FF3B48900F54619 /* Info.plist */,
			);
			path = "Yxy-SwiftUITests";
			sourceTree = "<group>";
		};
		075D0A3F1FF4973B00F54619 /* SupportingFiles */ = {
			isa = PBXGroup;
			children = (
				075D0A451FF4973B00F54619 /* Info.plist */,
				0709D04C1FF5164700D59D8B /* YxyImages.xcassets */,
				075D0A401FF4973B00F54619 /* LaunchScreen.storyboard */,
				075D0A421FF4973B00F54619 /* Main.storyboard */,
			);
			path = SupportingFiles;
			sourceTree = "<group>";
		};
		075D0A4A1FF4A05F00F54619 /* Helpers */ = {
			isa = PBXGroup;
			children = (
				07D991651FFE3D7300B74583 /* Yxy-Swift-Bridging-Header.h */,
				07D991541FFE229800B74583 /* Third */,
				07CB9ADF1FF6316C00A55C43 /* Utils */,
				07CB9ADE1FF6314900A55C43 /* Categories */,
			);
			path = Helpers;
			sourceTree = "<group>";
		};
		075D0A4B1FF4A0F000F54619 /* Base */ = {
			isa = PBXGroup;
			children = (
				0709D04A1FF50E7500D59D8B /* YXYNavigationController.swift */,
				07CB9AE91FF63AA100A55C43 /* YXYTabBarController.swift */,
				07DE096B1FFF6E8D00D1E394 /* YXYViewController.swift */,
			);
			path = Base;
			sourceTree = "<group>";
		};
		07CB9ADE1FF6314900A55C43 /* Categories */ = {
			isa = PBXGroup;
			children = (
				07CB9AE11FF632AB00A55C43 /* UIKit */,
			);
			path = Categories;
			sourceTree = "<group>";
		};
		07CB9ADF1FF6316C00A55C43 /* Utils */ = {
			isa = PBXGroup;
			children = (
				07CB9AEF1FF6493A00A55C43 /* YXYStyle.swift */,
				07D991631FFE3B6D00B74583 /* YXYMD5.swift */,
			);
			path = Utils;
			sourceTree = "<group>";
		};
		07CB9AE11FF632AB00A55C43 /* UIKit */ = {
			isa = PBXGroup;
			children = (
				07CB9AEE1FF6488600A55C43 /* UIColor */,
				07CB9AEB1FF63C9900A55C43 /* UIView */,
				07CB9AE21FF632B600A55C43 /* UIScreen */,
			);
			path = UIKit;
			sourceTree = "<group>";
		};
		07CB9AE21FF632B600A55C43 /* UIScreen */ = {
			isa = PBXGroup;
			children = (
				07CB9AE71FF634B900A55C43 /* UIScreen+Frame.swift */,
			);
			path = UIScreen;
			sourceTree = "<group>";
		};
		07CB9AEB1FF63C9900A55C43 /* UIView */ = {
			isa = PBXGroup;
			children = (
				07CB9AEC1FF63CF600A55C43 /* UIView+Frame.swift */,
			);
			path = UIView;
			sourceTree = "<group>";
		};
		07CB9AEE1FF6488600A55C43 /* UIColor */ = {
			isa = PBXGroup;
			children = (
				07CB9AF11FF64DFF00A55C43 /* UIColor+Hex.swift */,
			);
			path = UIColor;
			sourceTree = "<group>";
		};
		07D991441FFDCEBE00B74583 /* Model */ = {
			isa = PBXGroup;
			children = (
				07D9914D1FFDFE2B00B74583 /* YXYBaseModel.swift */,
			);
			path = Model;
			sourceTree = "<group>";
		};
		07D9914F1FFDFF7600B74583 /* Api */ = {
			isa = PBXGroup;
			children = (
				07D991501FFDFFC000B74583 /* YXYHttpRequestManager.swift */,
				07D991521FFE207D00B74583 /* YXYApiManager.swift */,
			);
			path = Api;
			sourceTree = "<group>";
		};
		07D991541FFE229800B74583 /* Third */ = {
			isa = PBXGroup;
			children = (
			);
			path = Third;
			sourceTree = "<group>";
		};
		07D991661FFF42E800B74583 /* Register&Login */ = {
			isa = PBXGroup;
			children = (
				07D991671FFF446600B74583 /* YXYWelcomeViewController.swift */,
			);
			path = "Register&Login";
			sourceTree = "<group>";
		};
		7F12E33F03096B38E84179B1 /* Frameworks */ = {
			isa = PBXGroup;
			children = (
				07D9914C1FFDFDAD00B74583 /* AlamofireObjectMapper.framework */,
				07D9914A1FFDFDA700B74583 /* ObjectMapper.framework */,
				07D991481FFDFDA100B74583 /* Alamofire.framework */,
				0CECCF99F82FC8C3674C56A3 /* Pods_Yxy_Swift.framework */,
				E65421B81099E6C95AE3A52F /* Pods_Yxy_SwiftTests.framework */,
			);
			name = Frameworks;
			sourceTree = "<group>";
		};
		C1462984CC2AF5925D4A8326 /* Pods */ = {
			isa = PBXGroup;
			children = (
				868A9B54083833230B77F70B /* Pods-Yxy-Swift.debug.xcconfig */,
				B3047A3D4CAA13514C97FE44 /* Pods-Yxy-Swift.release.xcconfig */,
				54E910A8B17072E399120449 /* Pods-Yxy-SwiftTests.debug.xcconfig */,
				FCC4352A802E3BB1E10715A2 /* Pods-Yxy-SwiftTests.release.xcconfig */,
			);
			name = Pods;
			sourceTree = "<group>";
		};
/* End PBXGroup section */

/* Begin PBXNativeTarget section */
		075D0A091FF3B48900F54619 /* Yxy-Swift */ = {
			isa = PBXNativeTarget;
			buildConfigurationList = 075D0A321FF3B48900F54619 /* Build configuration list for PBXNativeTarget "Yxy-Swift" */;
			buildPhases = (
				550CD8A25B5CFFBB69FDE058 /* [CP] Check Pods Manifest.lock */,
				075D0A061FF3B48900F54619 /* Sources */,
				075D0A071FF3B48900F54619 /* Frameworks */,
				075D0A081FF3B48900F54619 /* Resources */,
				8312EBBAB07324ECCA27584B /* [CP] Embed Pods Frameworks */,
				FA1F92943A7E4CEC387467C4 /* [CP] Copy Pods Resources */,
			);
			buildRules = (
			);
			dependencies = (
			);
			name = "Yxy-Swift";
			productName = "Yxy-Swift";
			productReference = 075D0A0A1FF3B48900F54619 /* Yxy-Swift.app */;
			productType = "com.apple.product-type.application";
		};
		075D0A1D1FF3B48900F54619 /* Yxy-SwiftTests */ = {
			isa = PBXNativeTarget;
			buildConfigurationList = 075D0A351FF3B48900F54619 /* Build configuration list for PBXNativeTarget "Yxy-SwiftTests" */;
			buildPhases = (
				714EA2236FB38C997E19CB4C /* [CP] Check Pods Manifest.lock */,
				075D0A1A1FF3B48900F54619 /* Sources */,
				075D0A1B1FF3B48900F54619 /* Frameworks */,
				075D0A1C1FF3B48900F54619 /* Resources */,
				E81E40AF8E214EDBFFB8DC51 /* [CP] Embed Pods Frameworks */,
				946F1F4648B119C0503C4E26 /* [CP] Copy Pods Resources */,
			);
			buildRules = (
			);
			dependencies = (
				075D0A201FF3B48900F54619 /* PBXTargetDependency */,
			);
			name = "Yxy-SwiftTests";
			productName = "Yxy-SwiftTests";
			productReference = 075D0A1E1FF3B48900F54619 /* Yxy-SwiftTests.xctest */;
			productType = "com.apple.product-type.bundle.unit-test";
		};
		075D0A281FF3B48900F54619 /* Yxy-SwiftUITests */ = {
			isa = PBXNativeTarget;
			buildConfigurationList = 075D0A381FF3B48900F54619 /* Build configuration list for PBXNativeTarget "Yxy-SwiftUITests" */;
			buildPhases = (
				075D0A251FF3B48900F54619 /* Sources */,
				075D0A261FF3B48900F54619 /* Frameworks */,
				075D0A271FF3B48900F54619 /* Resources */,
			);
			buildRules = (
			);
			dependencies = (
				075D0A2B1FF3B48900F54619 /* PBXTargetDependency */,
			);
			name = "Yxy-SwiftUITests";
			productName = "Yxy-SwiftUITests";
			productReference = 075D0A291FF3B48900F54619 /* Yxy-SwiftUITests.xctest */;
			productType = "com.apple.product-type.bundle.ui-testing";
		};
/* End PBXNativeTarget section */

/* Begin PBXProject section */
		075D0A021FF3B48900F54619 /* Project object */ = {
			isa = PBXProject;
			attributes = {
				CLASSPREFIX = YXY;
				LastSwiftUpdateCheck = 0920;
				LastUpgradeCheck = 0920;
				ORGANIZATIONNAME = "宋滨诚";
				TargetAttributes = {
					075D0A091FF3B48900F54619 = {
						CreatedOnToolsVersion = 9.2;
						LastSwiftMigration = 0920;
						ProvisioningStyle = Automatic;
					};
					075D0A1D1FF3B48900F54619 = {
						CreatedOnToolsVersion = 9.2;
						ProvisioningStyle = Automatic;
						TestTargetID = 075D0A091FF3B48900F54619;
					};
					075D0A281FF3B48900F54619 = {
						CreatedOnToolsVersion = 9.2;
						ProvisioningStyle = Automatic;
						TestTargetID = 075D0A091FF3B48900F54619;
					};
				};
			};
			buildConfigurationList = 075D0A051FF3B48900F54619 /* Build configuration list for PBXProject "Yxy-Swift" */;
			compatibilityVersion = "Xcode 8.0";
			developmentRegion = en;
			hasScannedForEncodings = 0;
			knownRegions = (
				en,
				Base,
			);
			mainGroup = 075D0A011FF3B48900F54619;
			productRefGroup = 075D0A0B1FF3B48900F54619 /* Products */;
			projectDirPath = "";
			projectRoot = "";
			targets = (
				075D0A091FF3B48900F54619 /* Yxy-Swift */,
				075D0A1D1FF3B48900F54619 /* Yxy-SwiftTests */,
				075D0A281FF3B48900F54619 /* Yxy-SwiftUITests */,
			);
		};
/* End PBXProject section */

/* Begin PBXResourcesBuildPhase section */
		075D0A081FF3B48900F54619 /* Resources */ = {
			isa = PBXResourcesBuildPhase;
			buildActionMask = 2147483647;
			files = (
				07CB9ADB1FF60FF000A55C43 /* Main.storyboard in Resources */,
				07CB9ADA1FF60FE900A55C43 /* LaunchScreen.storyboard in Resources */,
				07CB9AD91FF60FE000A55C43 /* YxyImages.xcassets in Resources */,
			);
			runOnlyForDeploymentPostprocessing = 0;
		};
		075D0A1C1FF3B48900F54619 /* Resources */ = {
			isa = PBXResourcesBuildPhase;
			buildActionMask = 2147483647;
			files = (
			);
			runOnlyForDeploymentPostprocessing = 0;
		};
		075D0A271FF3B48900F54619 /* Resources */ = {
			isa = PBXResourcesBuildPhase;
			buildActionMask = 2147483647;
			files = (
			);
			runOnlyForDeploymentPostprocessing = 0;
		};
/* End PBXResourcesBuildPhase section */

/* Begin PBXShellScriptBuildPhase section */
		550CD8A25B5CFFBB69FDE058 /* [CP] Check Pods Manifest.lock */ = {
			isa = PBXShellScriptBuildPhase;
			buildActionMask = 2147483647;
			files = (
			);
			inputPaths = (
				"${PODS_PODFILE_DIR_PATH}/Podfile.lock",
				"${PODS_ROOT}/Manifest.lock",
			);
			name = "[CP] Check Pods Manifest.lock";
			outputPaths = (
				"$(DERIVED_FILE_DIR)/Pods-Yxy-Swift-checkManifestLockResult.txt",
			);
			runOnlyForDeploymentPostprocessing = 0;
			shellPath = /bin/sh;
			shellScript = "diff \"${PODS_PODFILE_DIR_PATH}/Podfile.lock\" \"${PODS_ROOT}/Manifest.lock\" > /dev/null\nif [ $? != 0 ] ; then\n    # print error to STDERR\n    echo \"error: The sandbox is not in sync with the Podfile.lock. Run 'pod install' or update your CocoaPods installation.\" >&2\n    exit 1\nfi\n# This output is used by Xcode 'outputs' to avoid re-running this script phase.\necho \"SUCCESS\" > \"${SCRIPT_OUTPUT_FILE_0}\"\n";
			showEnvVarsInLog = 0;
		};
		714EA2236FB38C997E19CB4C /* [CP] Check Pods Manifest.lock */ = {
			isa = PBXShellScriptBuildPhase;
			buildActionMask = 2147483647;
			files = (
			);
			inputPaths = (
				"${PODS_PODFILE_DIR_PATH}/Podfile.lock",
				"${PODS_ROOT}/Manifest.lock",
			);
			name = "[CP] Check Pods Manifest.lock";
			outputPaths = (
				"$(DERIVED_FILE_DIR)/Pods-Yxy-SwiftTests-checkManifestLockResult.txt",
			);
			runOnlyForDeploymentPostprocessing = 0;
			shellPath = /bin/sh;
			shellScript = "diff \"${PODS_PODFILE_DIR_PATH}/Podfile.lock\" \"${PODS_ROOT}/Manifest.lock\" > /dev/null\nif [ $? != 0 ] ; then\n    # print error to STDERR\n    echo \"error: The sandbox is not in sync with the Podfile.lock. Run 'pod install' or update your CocoaPods installation.\" >&2\n    exit 1\nfi\n# This output is used by Xcode 'outputs' to avoid re-running this script phase.\necho \"SUCCESS\" > \"${SCRIPT_OUTPUT_FILE_0}\"\n";
			showEnvVarsInLog = 0;
		};
		8312EBBAB07324ECCA27584B /* [CP] Embed Pods Frameworks */ = {
			isa = PBXShellScriptBuildPhase;
			buildActionMask = 2147483647;
			files = (
			);
			inputPaths = (
				"${SRCROOT}/Pods/Target Support Files/Pods-Yxy-Swift/Pods-Yxy-Swift-frameworks.sh",
				"${BUILT_PRODUCTS_DIR}/Alamofire/Alamofire.framework",
				"${BUILT_PRODUCTS_DIR}/AlamofireObjectMapper/AlamofireObjectMapper.framework",
				"${BUILT_PRODUCTS_DIR}/MJRefresh/MJRefresh.framework",
				"${BUILT_PRODUCTS_DIR}/ObjectMapper/ObjectMapper.framework",
				"${BUILT_PRODUCTS_DIR}/SnapKit/SnapKit.framework",
				"${BUILT_PRODUCTS_DIR}/SwiftyJSON/SwiftyJSON.framework",
				"${BUILT_PRODUCTS_DIR}/TAKUUID/TAKUUID.framework",
			);
			name = "[CP] Embed Pods Frameworks";
			outputPaths = (
				"${TARGET_BUILD_DIR}/${FRAMEWORKS_FOLDER_PATH}/Alamofire.framework",
				"${TARGET_BUILD_DIR}/${FRAMEWORKS_FOLDER_PATH}/AlamofireObjectMapper.framework",
				"${TARGET_BUILD_DIR}/${FRAMEWORKS_FOLDER_PATH}/MJRefresh.framework",
				"${TARGET_BUILD_DIR}/${FRAMEWORKS_FOLDER_PATH}/ObjectMapper.framework",
				"${TARGET_BUILD_DIR}/${FRAMEWORKS_FOLDER_PATH}/SnapKit.framework",
				"${TARGET_BUILD_DIR}/${FRAMEWORKS_FOLDER_PATH}/SwiftyJSON.framework",
				"${TARGET_BUILD_DIR}/${FRAMEWORKS_FOLDER_PATH}/TAKUUID.framework",
			);
			runOnlyForDeploymentPostprocessing = 0;
			shellPath = /bin/sh;
			shellScript = "\"${SRCROOT}/Pods/Target Support Files/Pods-Yxy-Swift/Pods-Yxy-Swift-frameworks.sh\"\n";
			showEnvVarsInLog = 0;
		};
		946F1F4648B119C0503C4E26 /* [CP] Copy Pods Resources */ = {
			isa = PBXShellScriptBuildPhase;
			buildActionMask = 2147483647;
			files = (
			);
			inputPaths = (
			);
			name = "[CP] Copy Pods Resources";
			outputPaths = (
			);
			runOnlyForDeploymentPostprocessing = 0;
			shellPath = /bin/sh;
			shellScript = "\"${SRCROOT}/Pods/Target Support Files/Pods-Yxy-SwiftTests/Pods-Yxy-SwiftTests-resources.sh\"\n";
			showEnvVarsInLog = 0;
		};
		E81E40AF8E214EDBFFB8DC51 /* [CP] Embed Pods Frameworks */ = {
			isa = PBXShellScriptBuildPhase;
			buildActionMask = 2147483647;
			files = (
			);
			inputPaths = (
			);
			name = "[CP] Embed Pods Frameworks";
			outputPaths = (
			);
			runOnlyForDeploymentPostprocessing = 0;
			shellPath = /bin/sh;
			shellScript = "\"${SRCROOT}/Pods/Target Support Files/Pods-Yxy-SwiftTests/Pods-Yxy-SwiftTests-frameworks.sh\"\n";
			showEnvVarsInLog = 0;
		};
		FA1F92943A7E4CEC387467C4 /* [CP] Copy Pods Resources */ = {
			isa = PBXShellScriptBuildPhase;
			buildActionMask = 2147483647;
			files = (
			);
			inputPaths = (
			);
			name = "[CP] Copy Pods Resources";
			outputPaths = (
			);
			runOnlyForDeploymentPostprocessing = 0;
			shellPath = /bin/sh;
			shellScript = "\"${SRCROOT}/Pods/Target Support Files/Pods-Yxy-Swift/Pods-Yxy-Swift-resources.sh\"\n";
			showEnvVarsInLog = 0;
		};
/* End PBXShellScriptBuildPhase section */

/* Begin PBXSourcesBuildPhase section */
		075D0A061FF3B48900F54619 /* Sources */ = {
			isa = PBXSourcesBuildPhase;
			buildActionMask = 2147483647;
			files = (
				0709D0451FF5090E00D59D8B /* YXYRecordViewController.swift in Sources */,
				0709D04B1FF50E7500D59D8B /* YXYNavigationController.swift in Sources */,
				07CB9AEA1FF63AA100A55C43 /* YXYTabBarController.swift in Sources */,
				07D991511FFDFFC000B74583 /* YXYHttpRequestManager.swift in Sources */,
				07DE09741FFF7B6800D1E394 /* YXYHomeViewController.swift in Sources */,
				0709D0471FF5092C00D59D8B /* YXYConsultViewController.swift in Sources */,
				07D991531FFE207D00B74583 /* YXYApiManager.swift in Sources */,
				07D991641FFE3B6D00B74583 /* YXYMD5.swift in Sources */,
				07CB9AF01FF6493A00A55C43 /* YXYStyle.swift in Sources */,
				0709D0431FF508E400D59D8B /* YXYDiscoverViewController.swift in Sources */,
				07CB9AED1FF63CF600A55C43 /* UIView+Frame.swift in Sources */,
				07CB9AE81FF634B900A55C43 /* UIScreen+Frame.swift in Sources */,
				07CB9AF21FF64DFF00A55C43 /* UIColor+Hex.swift in Sources */,
				07DE096C1FFF6E8D00D1E394 /* YXYViewController.swift in Sources */,
				07D991681FFF446600B74583 /* YXYWelcomeViewController.swift in Sources */,
				075D0A0E1FF3B48900F54619 /* AppDelegate.swift in Sources */,
				0709D0491FF5094500D59D8B /* YXYMeViewController.swift in Sources */,
				07D9914E1FFDFE2B00B74583 /* YXYBaseModel.swift in Sources */,
			);
			runOnlyForDeploymentPostprocessing = 0;
		};
		075D0A1A1FF3B48900F54619 /* Sources */ = {
			isa = PBXSourcesBuildPhase;
			buildActionMask = 2147483647;
			files = (
				075D0A231FF3B48900F54619 /* Yxy_SwiftTests.swift in Sources */,
			);
			runOnlyForDeploymentPostprocessing = 0;
		};
		075D0A251FF3B48900F54619 /* Sources */ = {
			isa = PBXSourcesBuildPhase;
			buildActionMask = 2147483647;
			files = (
				075D0A2E1FF3B48900F54619 /* Yxy_SwiftUITests.swift in Sources */,
			);
			runOnlyForDeploymentPostprocessing = 0;
		};
/* End PBXSourcesBuildPhase section */

/* Begin PBXTargetDependency section */
		075D0A201FF3B48900F54619 /* PBXTargetDependency */ = {
			isa = PBXTargetDependency;
			target = 075D0A091FF3B48900F54619 /* Yxy-Swift */;
			targetProxy = 075D0A1F1FF3B48900F54619 /* PBXContainerItemProxy */;
		};
		075D0A2B1FF3B48900F54619 /* PBXTargetDependency */ = {
			isa = PBXTargetDependency;
			target = 075D0A091FF3B48900F54619 /* Yxy-Swift */;
			targetProxy = 075D0A2A1FF3B48900F54619 /* PBXContainerItemProxy */;
		};
/* End PBXTargetDependency section */

/* Begin PBXVariantGroup section */
		075D0A401FF4973B00F54619 /* LaunchScreen.storyboard */ = {
			isa = PBXVariantGroup;
			children = (
				075D0A411FF4973B00F54619 /* Base */,
			);
			name = LaunchScreen.storyboard;
			sourceTree = "<group>";
		};
		075D0A421FF4973B00F54619 /* Main.storyboard */ = {
			isa = PBXVariantGroup;
			children = (
				075D0A431FF4973B00F54619 /* Base */,
			);
			name = Main.storyboard;
			sourceTree = "<group>";
		};
/* End PBXVariantGroup section */

/* Begin XCBuildConfiguration section */
		075D0A301FF3B48900F54619 /* Debug */ = {
			isa = XCBuildConfiguration;
			buildSettings = {
				ALWAYS_SEARCH_USER_PATHS = NO;
				CLANG_ANALYZER_NONNULL = YES;
				CLANG_ANALYZER_NUMBER_OBJECT_CONVERSION = YES_AGGRESSIVE;
				CLANG_CXX_LANGUAGE_STANDARD = "gnu++14";
				CLANG_CXX_LIBRARY = "libc++";
				CLANG_ENABLE_MODULES = YES;
				CLANG_ENABLE_OBJC_ARC = YES;
				CLANG_WARN_BLOCK_CAPTURE_AUTORELEASING = YES;
				CLANG_WARN_BOOL_CONVERSION = YES;
				CLANG_WARN_COMMA = YES;
				CLANG_WARN_CONSTANT_CONVERSION = YES;
				CLANG_WARN_DIRECT_OBJC_ISA_USAGE = YES_ERROR;
				CLANG_WARN_DOCUMENTATION_COMMENTS = YES;
				CLANG_WARN_EMPTY_BODY = YES;
				CLANG_WARN_ENUM_CONVERSION = YES;
				CLANG_WARN_INFINITE_RECURSION = YES;
				CLANG_WARN_INT_CONVERSION = YES;
				CLANG_WARN_NON_LITERAL_NULL_CONVERSION = YES;
				CLANG_WARN_OBJC_LITERAL_CONVERSION = YES;
				CLANG_WARN_OBJC_ROOT_CLASS = YES_ERROR;
				CLANG_WARN_RANGE_LOOP_ANALYSIS = YES;
				CLANG_WARN_STRICT_PROTOTYPES = YES;
				CLANG_WARN_SUSPICIOUS_MOVE = YES;
				CLANG_WARN_UNGUARDED_AVAILABILITY = YES_AGGRESSIVE;
				CLANG_WARN_UNREACHABLE_CODE = YES;
				CLANG_WARN__DUPLICATE_METHOD_MATCH = YES;
				CODE_SIGN_IDENTITY = "iPhone Developer";
				COPY_PHASE_STRIP = NO;
				DEBUG_INFORMATION_FORMAT = dwarf;
				ENABLE_STRICT_OBJC_MSGSEND = YES;
				ENABLE_TESTABILITY = YES;
				GCC_C_LANGUAGE_STANDARD = gnu11;
				GCC_DYNAMIC_NO_PIC = NO;
				GCC_NO_COMMON_BLOCKS = YES;
				GCC_OPTIMIZATION_LEVEL = 0;
				GCC_PREPROCESSOR_DEFINITIONS = (
					"DEBUG=1",
					"$(inherited)",
				);
				GCC_WARN_64_TO_32_BIT_CONVERSION = YES;
				GCC_WARN_ABOUT_RETURN_TYPE = YES_ERROR;
				GCC_WARN_UNDECLARED_SELECTOR = YES;
				GCC_WARN_UNINITIALIZED_AUTOS = YES_AGGRESSIVE;
				GCC_WARN_UNUSED_FUNCTION = YES;
				GCC_WARN_UNUSED_VARIABLE = YES;
				IPHONEOS_DEPLOYMENT_TARGET = 8.0;
				MTL_ENABLE_DEBUG_INFO = YES;
				ONLY_ACTIVE_ARCH = YES;
				SDKROOT = iphoneos;
				SWIFT_ACTIVE_COMPILATION_CONDITIONS = DEBUG;
				SWIFT_OPTIMIZATION_LEVEL = "-Onone";
			};
			name = Debug;
		};
		075D0A311FF3B48900F54619 /* Release */ = {
			isa = XCBuildConfiguration;
			buildSettings = {
				ALWAYS_SEARCH_USER_PATHS = NO;
				CLANG_ANALYZER_NONNULL = YES;
				CLANG_ANALYZER_NUMBER_OBJECT_CONVERSION = YES_AGGRESSIVE;
				CLANG_CXX_LANGUAGE_STANDARD = "gnu++14";
				CLANG_CXX_LIBRARY = "libc++";
				CLANG_ENABLE_MODULES = YES;
				CLANG_ENABLE_OBJC_ARC = YES;
				CLANG_WARN_BLOCK_CAPTURE_AUTORELEASING = YES;
				CLANG_WARN_BOOL_CONVERSION = YES;
				CLANG_WARN_COMMA = YES;
				CLANG_WARN_CONSTANT_CONVERSION = YES;
				CLANG_WARN_DIRECT_OBJC_ISA_USAGE = YES_ERROR;
				CLANG_WARN_DOCUMENTATION_COMMENTS = YES;
				CLANG_WARN_EMPTY_BODY = YES;
				CLANG_WARN_ENUM_CONVERSION = YES;
				CLANG_WARN_INFINITE_RECURSION = YES;
				CLANG_WARN_INT_CONVERSION = YES;
				CLANG_WARN_NON_LITERAL_NULL_CONVERSION = YES;
				CLANG_WARN_OBJC_LITERAL_CONVERSION = YES;
				CLANG_WARN_OBJC_ROOT_CLASS = YES_ERROR;
				CLANG_WARN_RANGE_LOOP_ANALYSIS = YES;
				CLANG_WARN_STRICT_PROTOTYPES = YES;
				CLANG_WARN_SUSPICIOUS_MOVE = YES;
				CLANG_WARN_UNGUARDED_AVAILABILITY = YES_AGGRESSIVE;
				CLANG_WARN_UNREACHABLE_CODE = YES;
				CLANG_WARN__DUPLICATE_METHOD_MATCH = YES;
				CODE_SIGN_IDENTITY = "iPhone Developer";
				COPY_PHASE_STRIP = NO;
				DEBUG_INFORMATION_FORMAT = "dwarf-with-dsym";
				ENABLE_NS_ASSERTIONS = NO;
				ENABLE_STRICT_OBJC_MSGSEND = YES;
				GCC_C_LANGUAGE_STANDARD = gnu11;
				GCC_NO_COMMON_BLOCKS = YES;
				GCC_WARN_64_TO_32_BIT_CONVERSION = YES;
				GCC_WARN_ABOUT_RETURN_TYPE = YES_ERROR;
				GCC_WARN_UNDECLARED_SELECTOR = YES;
				GCC_WARN_UNINITIALIZED_AUTOS = YES_AGGRESSIVE;
				GCC_WARN_UNUSED_FUNCTION = YES;
				GCC_WARN_UNUSED_VARIABLE = YES;
				IPHONEOS_DEPLOYMENT_TARGET = 8.0;
				MTL_ENABLE_DEBUG_INFO = NO;
				SDKROOT = iphoneos;
				SWIFT_OPTIMIZATION_LEVEL = "-Owholemodule";
				VALIDATE_PRODUCT = YES;
			};
			name = Release;
		};
		075D0A331FF3B48900F54619 /* Debug */ = {
			isa = XCBuildConfiguration;
			baseConfigurationReference = 868A9B54083833230B77F70B /* Pods-Yxy-Swift.debug.xcconfig */;
			buildSettings = {
				ASSETCATALOG_COMPILER_APPICON_NAME = AppIcon;
				CLANG_ENABLE_MODULES = YES;
				CODE_SIGN_STYLE = Automatic;
				DEVELOPMENT_TEAM = KV396W2E95;
				INFOPLIST_FILE = "Yxy-Swift/SupportingFiles/Info.plist";
				IPHONEOS_DEPLOYMENT_TARGET = 8.0;
				LD_RUNPATH_SEARCH_PATHS = "$(inherited) @executable_path/Frameworks";
				PRODUCT_BUNDLE_IDENTIFIER = "com.Drcuiyutao.Yxy-Swift";
				PRODUCT_NAME = "$(TARGET_NAME)";
				SWIFT_OBJC_BRIDGING_HEADER = "Yxy-Swift/Helpers/Yxy-Swift-Bridging-Header.h";
				SWIFT_OPTIMIZATION_LEVEL = "-Onone";
				SWIFT_VERSION = 4.0;
				TARGETED_DEVICE_FAMILY = 1;
				USER_HEADER_SEARCH_PATHS = "$(PODS_ROOT)/**";
			};
			name = Debug;
		};
		075D0A341FF3B48900F54619 /* Release */ = {
			isa = XCBuildConfiguration;
			baseConfigurationReference = B3047A3D4CAA13514C97FE44 /* Pods-Yxy-Swift.release.xcconfig */;
			buildSettings = {
				ASSETCATALOG_COMPILER_APPICON_NAME = AppIcon;
				CLANG_ENABLE_MODULES = YES;
				CODE_SIGN_STYLE = Automatic;
				DEVELOPMENT_TEAM = KV396W2E95;
				INFOPLIST_FILE = "Yxy-Swift/SupportingFiles/Info.plist";
				IPHONEOS_DEPLOYMENT_TARGET = 8.0;
				LD_RUNPATH_SEARCH_PATHS = "$(inherited) @executable_path/Frameworks";
				PRODUCT_BUNDLE_IDENTIFIER = "com.Drcuiyutao.Yxy-Swift";
				PRODUCT_NAME = "$(TARGET_NAME)";
				SWIFT_OBJC_BRIDGING_HEADER = "Yxy-Swift/Helpers/Yxy-Swift-Bridging-Header.h";
				SWIFT_VERSION = 4.0;
				TARGETED_DEVICE_FAMILY = 1;
				USER_HEADER_SEARCH_PATHS = "$(PODS_ROOT)/**";
			};
			name = Release;
		};
		075D0A361FF3B48900F54619 /* Debug */ = {
			isa = XCBuildConfiguration;
			baseConfigurationReference = 54E910A8B17072E399120449 /* Pods-Yxy-SwiftTests.debug.xcconfig */;
			buildSettings = {
				ALWAYS_EMBED_SWIFT_STANDARD_LIBRARIES = YES;
				BUNDLE_LOADER = "$(TEST_HOST)";
				CODE_SIGN_STYLE = Automatic;
				DEVELOPMENT_TEAM = KV396W2E95;
				INFOPLIST_FILE = "Yxy-SwiftTests/Info.plist";
				LD_RUNPATH_SEARCH_PATHS = "$(inherited) @executable_path/Frameworks @loader_path/Frameworks";
				PRODUCT_BUNDLE_IDENTIFIER = "com.Drcuiyutao.Yxy-SwiftTests";
				PRODUCT_NAME = "$(TARGET_NAME)";
				SWIFT_VERSION = 4.0;
				TARGETED_DEVICE_FAMILY = "1,2";
				TEST_HOST = "$(BUILT_PRODUCTS_DIR)/Yxy-Swift.app/Yxy-Swift";
			};
			name = Debug;
		};
		075D0A371FF3B48900F54619 /* Release */ = {
			isa = XCBuildConfiguration;
			baseConfigurationReference = FCC4352A802E3BB1E10715A2 /* Pods-Yxy-SwiftTests.release.xcconfig */;
			buildSettings = {
				ALWAYS_EMBED_SWIFT_STANDARD_LIBRARIES = YES;
				BUNDLE_LOADER = "$(TEST_HOST)";
				CODE_SIGN_STYLE = Automatic;
				DEVELOPMENT_TEAM = KV396W2E95;
				INFOPLIST_FILE = "Yxy-SwiftTests/Info.plist";
				LD_RUNPATH_SEARCH_PATHS = "$(inherited) @executable_path/Frameworks @loader_path/Frameworks";
				PRODUCT_BUNDLE_IDENTIFIER = "com.Drcuiyutao.Yxy-SwiftTests";
				PRODUCT_NAME = "$(TARGET_NAME)";
				SWIFT_VERSION = 4.0;
				TARGETED_DEVICE_FAMILY = "1,2";
				TEST_HOST = "$(BUILT_PRODUCTS_DIR)/Yxy-Swift.app/Yxy-Swift";
			};
			name = Release;
		};
		075D0A391FF3B48900F54619 /* Debug */ = {
			isa = XCBuildConfiguration;
			buildSettings = {
				ALWAYS_EMBED_SWIFT_STANDARD_LIBRARIES = YES;
				CODE_SIGN_STYLE = Automatic;
				DEVELOPMENT_TEAM = KV396W2E95;
				INFOPLIST_FILE = "Yxy-SwiftUITests/Info.plist";
				LD_RUNPATH_SEARCH_PATHS = "$(inherited) @executable_path/Frameworks @loader_path/Frameworks";
				PRODUCT_BUNDLE_IDENTIFIER = "com.Drcuiyutao.Yxy-SwiftUITests";
				PRODUCT_NAME = "$(TARGET_NAME)";
				SWIFT_VERSION = 4.0;
				TARGETED_DEVICE_FAMILY = "1,2";
				TEST_TARGET_NAME = "Yxy-Swift";
			};
			name = Debug;
		};
		075D0A3A1FF3B48900F54619 /* Release */ = {
			isa = XCBuildConfiguration;
			buildSettings = {
				ALWAYS_EMBED_SWIFT_STANDARD_LIBRARIES = YES;
				CODE_SIGN_STYLE = Automatic;
				DEVELOPMENT_TEAM = KV396W2E95;
				INFOPLIST_FILE = "Yxy-SwiftUITests/Info.plist";
				LD_RUNPATH_SEARCH_PATHS = "$(inherited) @executable_path/Frameworks @loader_path/Frameworks";
				PRODUCT_BUNDLE_IDENTIFIER = "com.Drcuiyutao.Yxy-SwiftUITests";
				PRODUCT_NAME = "$(TARGET_NAME)";
				SWIFT_VERSION = 4.0;
				TARGETED_DEVICE_FAMILY = "1,2";
				TEST_TARGET_NAME = "Yxy-Swift";
			};
			name = Release;
		};
/* End XCBuildConfiguration section */

/* Begin XCConfigurationList section */
		075D0A051FF3B48900F54619 /* Build configuration list for PBXProject "Yxy-Swift" */ = {
			isa = XCConfigurationList;
			buildConfigurations = (
				075D0A301FF3B48900F54619 /* Debug */,
				075D0A311FF3B48900F54619 /* Release */,
			);
			defaultConfigurationIsVisible = 0;
			defaultConfigurationName = Release;
		};
		075D0A321FF3B48900F54619 /* Build configuration list for PBXNativeTarget "Yxy-Swift" */ = {
			isa = XCConfigurationList;
			buildConfigurations = (
				075D0A331FF3B48900F54619 /* Debug */,
				075D0A341FF3B48900F54619 /* Release */,
			);
			defaultConfigurationIsVisible = 0;
			defaultConfigurationName = Release;
		};
		075D0A351FF3B48900F54619 /* Build configuration list for PBXNativeTarget "Yxy-SwiftTests" */ = {
			isa = XCConfigurationList;
			buildConfigurations = (
				075D0A361FF3B48900F54619 /* Debug */,
				075D0A371FF3B48900F54619 /* Release */,
			);
			defaultConfigurationIsVisible = 0;
			defaultConfigurationName = Release;
		};
		075D0A381FF3B48900F54619 /* Build configuration list for PBXNativeTarget "Yxy-SwiftUITests" */ = {
			isa = XCConfigurationList;
			buildConfigurations = (
				075D0A391FF3B48900F54619 /* Debug */,
				075D0A3A1FF3B48900F54619 /* Release */,
			);
			defaultConfigurationIsVisible = 0;
			defaultConfigurationName = Release;
		};
/* End XCConfigurationList section */
	};
	rootObject = 075D0A021FF3B48900F54619 /* Project object */;
}
